# generated by rye
# use `rye lock` or `rye sync` to update this lockfile
#
# last locked with the following flags:
#   pre: false
#   features: []
#   all-features: true
#   with-sources: false
#   generate-hashes: false
#   universal: false

-e file:.
alabaster==0.7.16
    # via sphinx
annotated-types==0.7.0
    # via pydantic
anyio==4.9.0
    # via httpx
async-timeout==4.0.3
    # via langchain
babel==2.17.0
    # via sphinx
backports-tarfile==1.2.0
    # via jaraco-context
build==1.2.2.post1
certifi==2025.6.15
    # via httpcore
    # via httpx
    # via requests
cfgv==3.4.0
    # via pre-commit
charset-normalizer==3.4.2
    # via requests
click==8.1.8
    # via click-option-group
    # via python-semantic-release
click-option-group==0.5.7
    # via python-semantic-release
coverage==7.9.1
    # via pytest-cov
deprecated==1.2.18
    # via python-semantic-release
dirty-equals==0.9.0
distlib==0.3.9
    # via virtualenv
docutils==0.21.2
    # via myst-parser
    # via readme-renderer
    # via sphinx
    # via sphinx-rtd-theme
dotenv==0.9.9
dotty-dict==1.3.1
    # via python-semantic-release
exceptiongroup==1.3.0
    # via anyio
    # via pytest
filelock==3.18.0
    # via virtualenv
gitdb==4.0.12
    # via gitpython
gitpython==3.1.44
    # via python-semantic-release
h11==0.16.0
    # via httpcore
httpcore==1.0.9
    # via httpx
httpx==0.28.1
    # via evolution-langchain
    # via langsmith
id==1.5.0
    # via twine
identify==2.6.12
    # via pre-commit
idna==3.10
    # via anyio
    # via httpx
    # via requests
imagesize==1.4.1
    # via sphinx
importlib-metadata==8.7.0
    # via build
    # via keyring
    # via sphinx
    # via twine
importlib-resources==6.5.2
    # via python-semantic-release
iniconfig==2.1.0
    # via pytest
jaraco-classes==3.4.0
    # via keyring
jaraco-context==6.0.1
    # via keyring
jaraco-functools==4.2.1
    # via keyring
jinja2==3.1.6
    # via myst-parser
    # via python-semantic-release
    # via sphinx
jsonpatch==1.33
    # via langchain-core
jsonpointer==3.0.0
    # via jsonpatch
keyring==25.6.0
    # via twine
langchain==0.3.26
    # via evolution-langchain
langchain-core==0.3.66
    # via evolution-langchain
    # via langchain
    # via langchain-text-splitters
langchain-text-splitters==0.3.8
    # via langchain
langsmith==0.4.1
    # via langchain
    # via langchain-core
markdown-it-py==3.0.0
    # via mdit-py-plugins
    # via myst-parser
    # via rich
markupsafe==3.0.2
    # via jinja2
mdit-py-plugins==0.4.2
    # via myst-parser
mdurl==0.1.2
    # via markdown-it-py
more-itertools==10.7.0
    # via jaraco-classes
    # via jaraco-functools
mypy==1.16.1
mypy-extensions==1.1.0
    # via mypy
myst-parser==3.0.1
nh3==0.2.21
    # via readme-renderer
nodeenv==1.9.1
    # via pre-commit
    # via pyright
orjson==3.10.18
    # via langsmith
packaging==24.2
    # via build
    # via langchain-core
    # via langsmith
    # via pytest
    # via sphinx
    # via twine
pathspec==0.12.1
    # via mypy
platformdirs==4.3.8
    # via virtualenv
pluggy==1.6.0
    # via pytest
    # via pytest-cov
pre-commit==4.2.0
pydantic==2.11.7
    # via evolution-langchain
    # via langchain
    # via langchain-core
    # via langsmith
    # via python-semantic-release
pydantic-core==2.33.2
    # via pydantic
pygments==2.19.2
    # via pytest
    # via readme-renderer
    # via rich
    # via sphinx
pyproject-hooks==1.2.0
    # via build
pyright==1.1.402
pytest==8.4.1
    # via pytest-asyncio
    # via pytest-cov
    # via pytest-mock
pytest-asyncio==1.0.0
pytest-cov==6.2.1
pytest-mock==3.14.1
python-dateutil==2.9.0.post0
    # via time-machine
python-dotenv==1.1.0
    # via dotenv
python-gitlab==6.0.0
    # via python-semantic-release
python-semantic-release==10.1.0
pyyaml==6.0.2
    # via langchain
    # via langchain-core
    # via myst-parser
    # via pre-commit
    # via responses
readme-renderer==44.0
    # via twine
requests==2.32.4
    # via evolution-langchain
    # via id
    # via langchain
    # via langsmith
    # via python-gitlab
    # via python-semantic-release
    # via requests-toolbelt
    # via responses
    # via sphinx
    # via twine
requests-toolbelt==1.0.0
    # via langsmith
    # via python-gitlab
    # via twine
responses==0.25.7
rfc3986==2.0.0
    # via twine
rich==14.0.0
    # via python-semantic-release
    # via twine
ruff==0.12.0
shellingham==1.5.4
    # via python-semantic-release
six==1.17.0
    # via python-dateutil
smmap==5.0.2
    # via gitdb
sniffio==1.3.1
    # via anyio
snowballstemmer==3.0.1
    # via sphinx
sphinx==7.4.7
    # via myst-parser
    # via sphinx-autodoc-typehints
    # via sphinx-rtd-theme
    # via sphinxcontrib-jquery
sphinx-autodoc-typehints==2.3.0
sphinx-rtd-theme==3.0.2
sphinxcontrib-applehelp==2.0.0
    # via sphinx
sphinxcontrib-devhelp==2.0.0
    # via sphinx
sphinxcontrib-htmlhelp==2.1.0
    # via sphinx
sphinxcontrib-jquery==4.1
    # via sphinx-rtd-theme
sphinxcontrib-jsmath==1.0.1
    # via sphinx
sphinxcontrib-qthelp==2.0.0
    # via sphinx
sphinxcontrib-serializinghtml==2.0.0
    # via sphinx
sqlalchemy==2.0.41
    # via langchain
tenacity==9.1.2
    # via langchain-core
time-machine==2.16.0
tomli==2.2.1
    # via build
    # via coverage
    # via mypy
    # via pytest
    # via sphinx
tomlkit==0.13.3
    # via python-semantic-release
twine==6.1.0
types-requests==2.32.4.20250611
typing-extensions==4.14.0
    # via anyio
    # via exceptiongroup
    # via langchain-core
    # via mypy
    # via pydantic
    # via pydantic-core
    # via pyright
    # via pytest-asyncio
    # via rich
    # via sqlalchemy
    # via typing-inspection
typing-inspection==0.4.1
    # via pydantic
urllib3==2.5.0
    # via requests
    # via responses
    # via twine
    # via types-requests
virtualenv==20.31.2
    # via pre-commit
wrapt==1.17.2
    # via deprecated
zipp==3.23.0
    # via importlib-metadata
    # via importlib-resources
zstandard==0.23.0
    # via langsmith
