version = 1
requires-python = ">=3.11"
resolution-markers = [
    "python_full_version < '3.12'",
    "python_full_version >= '3.12'",
]

[[package]]
name = "delver-pdf"
version = "0.1.0"
source = { editable = "." }
dependencies = [
    { name = "maturin", extra = ["zig"] },
    { name = "pymupdf" },
]

[package.metadata]
requires-dist = [
    { name = "maturin", extras = ["zig"], specifier = ">=1.8.1" },
    { name = "pymupdf", specifier = ">=1.25.2" },
]

[[package]]
name = "maturin"
version = "1.8.1"
source = { registry = "https://pypi.org/simple" }
sdist = { url = "https://files.pythonhosted.org/packages/9a/08/ccb0f917722a35ab0d758be9bb5edaf645c3a3d6170061f10d396ecd273f/maturin-1.8.1.tar.gz", hash = "sha256:49cd964aabf59f8b0a6969f9860d2cdf194ac331529caae14c884f5659568857", size = 197397 }
wheels = [
    { url = "https://files.pythonhosted.org/packages/4c/00/f34077315f34db8ad2ccf6bfe11b864ca27baab3a1320634da8e3cf89a48/maturin-1.8.1-py3-none-linux_armv6l.whl", hash = "sha256:7e590a23d9076b8a994f2e67bc63dc9a2d1c9a41b1e7b45ac354ba8275254e89", size = 7568415 },
    { url = "https://files.pythonhosted.org/packages/5c/07/9219976135ce0cb32d2fa6ea5c6d0ad709013d9a17967312e149b98153a6/maturin-1.8.1-py3-none-macosx_10_12_x86_64.macosx_11_0_arm64.macosx_10_12_universal2.whl", hash = "sha256:8d8251a95682c83ea60988c804b620c181911cd824aa107b4a49ac5333c92968", size = 14527816 },
    { url = "https://files.pythonhosted.org/packages/e6/04/fa009a00903acdd1785d58322193140bfe358595347c39f315112dabdf9e/maturin-1.8.1-py3-none-macosx_10_12_x86_64.whl", hash = "sha256:b9fc1a4354cac5e32c190410208039812ea88c4a36bd2b6499268ec49ef5de00", size = 7580446 },
    { url = "https://files.pythonhosted.org/packages/9b/d4/414b2aab9bbfe88182b734d3aa1b4fef7d7701e50f6be48500378b8c8721/maturin-1.8.1-py3-none-manylinux_2_12_i686.manylinux2010_i686.musllinux_1_1_i686.whl", hash = "sha256:621e171c6b39f95f1d0df69a118416034fbd59c0f89dcaea8c2ea62019deecba", size = 7650535 },
    { url = "https://files.pythonhosted.org/packages/f0/64/879418a8a0196013ec1fb19eada0781c04a30e8d6d9227e80f91275a4f5b/maturin-1.8.1-py3-none-manylinux_2_12_x86_64.manylinux2010_x86_64.musllinux_1_1_x86_64.whl", hash = "sha256:98f638739a5132962347871b85c91f525c9246ef4d99796ae98a2031e3df029f", size = 8006702 },
    { url = "https://files.pythonhosted.org/packages/39/c2/605829324f8371294f70303aca130682df75318958efed246873d3d604ab/maturin-1.8.1-py3-none-manylinux_2_17_aarch64.manylinux2014_aarch64.musllinux_1_1_aarch64.whl", hash = "sha256:f9f5c47521924b6e515cbc652a042fe5f17f8747445be9d931048e5d8ddb50a4", size = 7368164 },
    { url = "https://files.pythonhosted.org/packages/be/6c/30e136d397bb146b94b628c0ef7f17708281611b97849e2cf37847025ac7/maturin-1.8.1-py3-none-manylinux_2_17_armv7l.manylinux2014_armv7l.musllinux_1_1_armv7l.whl", hash = "sha256:0f4407c7353c31bfbb8cdeb82bc2170e474cbfb97b5ba27568f440c9d6c1fdd4", size = 7450889 },
    { url = "https://files.pythonhosted.org/packages/1b/50/e1f5023512696d4e56096f702e2f68d6d9a30afe0a4eec82b0e27b8eb4e4/maturin-1.8.1-py3-none-manylinux_2_17_ppc64le.manylinux2014_ppc64le.musllinux_1_1_ppc64le.whl", hash = "sha256:ec49cd70cad3c389946c6e2bc0bd50772a7fcb463040dd800720345897eec9bf", size = 9585819 },
    { url = "https://files.pythonhosted.org/packages/b7/80/b24b5248d89d2e5982553900237a337ea098ca9297b8369ca2aa95549e0f/maturin-1.8.1-py3-none-manylinux_2_17_s390x.manylinux2014_s390x.whl", hash = "sha256:c08767d794de8f8a11c5c8b1b47a4ff9fb6ae2d2d97679e27030f2f509c8c2a0", size = 10920801 },
    { url = "https://files.pythonhosted.org/packages/6e/f4/8ede7a662fabf93456b44390a5ad22630e25fb5ddaecf787251071b2e143/maturin-1.8.1-py3-none-win32.whl", hash = "sha256:d678407713f3e10df33c5b3d7a343ec0551eb7f14d8ad9ba6febeb96f4e4c75c", size = 6873556 },
    { url = "https://files.pythonhosted.org/packages/9c/22/757f093ed0e319e9648155b8c9d716765442bea5bc98ebc58ad4ad5b0524/maturin-1.8.1-py3-none-win_amd64.whl", hash = "sha256:a526f90fe0e5cb59ffb81f4ff547ddc42e823bbdeae4a31012c0893ca6dcaf46", size = 7823153 },
    { url = "https://files.pythonhosted.org/packages/a4/f5/051413e04f6da25069db5e76759ecdb8cd2a8ab4a94045b5a3bf548c66fa/maturin-1.8.1-py3-none-win_arm64.whl", hash = "sha256:e95f077fd2ddd2f048182880eed458c308571a534be3eb2add4d3dac55bf57f4", size = 6552131 },
]

[package.optional-dependencies]
zig = [
    { name = "ziglang" },
]

[[package]]
name = "pymupdf"
version = "1.25.2"
source = { registry = "https://pypi.org/simple" }
sdist = { url = "https://files.pythonhosted.org/packages/40/fc/dd8776dc5c2f8cf0e51cf81a5f1de3840996bed7ca03ec768b0733024fb9/pymupdf-1.25.2.tar.gz", hash = "sha256:9ea88ff1b3ccb359620f106a6fd5ba6877d959d21d78272052c3496ceede6eec", size = 63814915 }
wheels = [
    { url = "https://files.pythonhosted.org/packages/24/34/8c3d82719d118beb48fded78fcab7cbe9ac3bf1906dc87a9ca4fd950087d/pymupdf-1.25.2-cp39-abi3-macosx_10_9_x86_64.whl", hash = "sha256:59dea22b633cc4fc13670b4c5db50d71f8cd4f420814420f33ce47ddcb61e1f6", size = 19336722 },
    { url = "https://files.pythonhosted.org/packages/4f/ec/c7f742f56ee42be27b3afdbf3364da12f03e309f6638e666a7816d9eef23/pymupdf-1.25.2-cp39-abi3-macosx_11_0_arm64.whl", hash = "sha256:e8b8a874497cd0deee89a6a4fb76a3a08173c8d39e88fc7cf715764ec5a243e9", size = 18570847 },
    { url = "https://files.pythonhosted.org/packages/9d/27/557ee235aded5185e4824459e1540142fbb9323e1b83f77cbefe2e2c4e1e/pymupdf-1.25.2-cp39-abi3-manylinux2014_aarch64.manylinux_2_17_aarch64.whl", hash = "sha256:f61e5cdb25b86eb28d34aa3557b49ecf9e361d5f5cd3b1660406f8f0bf813af7", size = 19430802 },
    { url = "https://files.pythonhosted.org/packages/0e/de/35fde3d49e0d187b95ab64cc61b4d275ebc7fd4f45e152b206b0e17e6b69/pymupdf-1.25.2-cp39-abi3-manylinux2014_x86_64.manylinux_2_17_x86_64.whl", hash = "sha256:ae8cfa7a97d78f813d286ecba32369059d88073edd1e5cf105f4cd0811f71925", size = 19994315 },
    { url = "https://files.pythonhosted.org/packages/9d/d3/a8a09b550c62306c76e1c2d892c0890287470164d7941aea35330cceee4d/pymupdf-1.25.2-cp39-abi3-musllinux_1_2_x86_64.whl", hash = "sha256:295505fe1ecb7c7b57d4124d373e207ea311d8e40bc7ac3016d8ec2d60b091e9", size = 21117143 },
    { url = "https://files.pythonhosted.org/packages/ef/ac/fc4f37c7620a20d25443868ed665291e96f283eda068cda673e9edebf5f0/pymupdf-1.25.2-cp39-abi3-win32.whl", hash = "sha256:b9488c8b82bb9be36fb13ee0c8d43b0ddcc50af83b61da01e6040413d9e67da6", size = 15084555 },
    { url = "https://files.pythonhosted.org/packages/64/8e/1d0ff215b37343c7e0bec4d571f1413e4f76a416591276b97081f1814710/pymupdf-1.25.2-cp39-abi3-win_amd64.whl", hash = "sha256:1b4ca6f5780d319a08dff885a5a0e3585c5d7af04dcfa063c535b88371fd91c1", size = 16531823 },
]

[[package]]
name = "ziglang"
version = "0.12.1"
source = { registry = "https://pypi.org/simple" }
wheels = [
    { url = "https://files.pythonhosted.org/packages/6e/cf/755ab2dae976e87ec85dc49684786dd156c441a87b2002f2d3d253889775/ziglang-0.12.1-py3-none-macosx_12_0_arm64.whl", hash = "sha256:e166297bc3fa4e8f7e4f8ca4fdd3e20fc6821a27fd3b6ca04268654a5003a8ba", size = 78664906 },
    { url = "https://files.pythonhosted.org/packages/c4/8a/5b168d21f2e83c83bc6c712d68cd11d1affdc50a185416a6810e90f3e1dc/ziglang-0.12.1-py3-none-macosx_12_0_x86_64.whl", hash = "sha256:5164d25349441c890b8cf928317a533e3338e3603285c394001ea12ba6af7687", size = 81221242 },
    { url = "https://files.pythonhosted.org/packages/5e/63/8e64f3a525a9e48dbd4ae430fe44846b64e8b897216b8884673c3bcc0353/ziglang-0.12.1-py3-none-manylinux_2_12_i686.manylinux2010_i686.musllinux_1_1_i686.whl", hash = "sha256:66fbb91889d7cfca5a9e3820e07cbbaa6ffbeadb1402b2db3cd7702b5fe43372", size = 85688857 },
    { url = "https://files.pythonhosted.org/packages/ba/13/9f4f45a6e6467fdc7e952043fc3e1449d185bcc3d4095b4b01d45241c0f9/ziglang-0.12.1-py3-none-manylinux_2_12_x86_64.manylinux2010_x86_64.musllinux_1_1_x86_64.whl", hash = "sha256:dcde948140b9e5776c2295b9b808fb4950df7ecadaecb54623dd701502be2017", size = 78197715 },
    { url = "https://files.pythonhosted.org/packages/8e/f7/f29b79b60dfe53d0c541c12211cfb74c9e4064b93c4ca9788ca18fc39b66/ziglang-0.12.1-py3-none-manylinux_2_17_aarch64.manylinux2014_aarch64.musllinux_1_1_aarch64.whl", hash = "sha256:945ea8ac157373e8437b377f7eac39f16fe63cd21b2b27fb4e518466e1cd561d", size = 75570292 },
    { url = "https://files.pythonhosted.org/packages/33/ff/870ec09ced4953e9c64131d5e1a16d4f086768f6033e6916594ee0b94bbc/ziglang-0.12.1-py3-none-manylinux_2_17_armv7l.manylinux2014_armv7l.musllinux_1_1_armv7l.whl", hash = "sha256:011717479951d820e9a0fe0b61b9132560f4094861fca54d66595b66f8aee23a", size = 76388277 },
    { url = "https://files.pythonhosted.org/packages/f8/38/41530e821a92856cc7b247caa5d209356416a5e417d1c314c18baa7b6f8e/ziglang-0.12.1-py3-none-win32.whl", hash = "sha256:0489dfbc6186f528fd7a18c713d13303bcc62f0a281e469599ba5645ecbf4ac0", size = 82343902 },
    { url = "https://files.pythonhosted.org/packages/9d/63/00558cded5202f5648a8bf13da4857060d0d231080b4ea34fdb25406b7b9/ziglang-0.12.1-py3-none-win_amd64.whl", hash = "sha256:c5344e28e9ce4a48949f140c2bb6457e10107dfed27da8af7611f7640bc50177", size = 77654574 },
]
