# This file was autogenerated by uv via the following command:
#    uv pip compile pyproject.toml -o requirements.lock
attrs==25.3.0
    # via
    #   cattrs
    #   requests-cache
cattrs==25.1.1
    # via
    #   entise (pyproject.toml)
    #   requests-cache
certifi==2025.4.26
    # via requests
chardet==5.2.0
    # via entise (pyproject.toml)
charset-normalizer==3.4.2
    # via
    #   niquests
    #   requests
colorama==0.4.6
    # via tqdm
contourpy==1.3.2
    # via matplotlib
cycler==0.12.1
    # via matplotlib
flatbuffers==25.2.10
    # via openmeteo-sdk
fonttools==4.58.1
    # via matplotlib
h11==0.16.0
    # via urllib3-future
h5py==3.13.0
    # via pvlib
holidays==0.74
    # via entise (pyproject.toml)
idna==3.10
    # via
    #   requests
    #   url-normalize
jh2==5.0.9
    # via urllib3-future
joblib==1.4.2
    # via entise (pyproject.toml)
kiwisolver==1.4.8
    # via matplotlib
matplotlib==3.10.3
    # via entise (pyproject.toml)
niquests==3.14.1
    # via openmeteo-requests
numpy==2.0.2
    # via
    #   entise (pyproject.toml)
    #   contourpy
    #   h5py
    #   matplotlib
    #   pandas
    #   pvlib
    #   scipy
openmeteo-requests==1.5.0
    # via entise (pyproject.toml)
openmeteo-sdk==1.20.1
    # via openmeteo-requests
packaging==25.0
    # via matplotlib
pandas==2.2.3
    # via
    #   entise (pyproject.toml)
    #   pvlib
pillow==11.2.1
    # via matplotlib
platformdirs==4.3.8
    # via requests-cache
pvlib==0.13.0
    # via entise (pyproject.toml)
pyparsing==3.2.3
    # via matplotlib
python-dateutil==2.9.0.post0
    # via
    #   holidays
    #   matplotlib
    #   pandas
pytz==2025.2
    # via
    #   pandas
    #   pvlib
qh3==1.5.3
    # via urllib3-future
requests==2.32.3
    # via
    #   pvlib
    #   requests-cache
    #   retry-requests
requests-cache==1.2.1
    # via entise (pyproject.toml)
retry-requests==2.0.0
    # via entise (pyproject.toml)
scipy==1.15.3
    # via pvlib
six==1.17.0
    # via python-dateutil
tqdm==4.67.1
    # via entise (pyproject.toml)
typing-extensions==4.14.0
    # via cattrs
tzdata==2025.2
    # via pandas
url-normalize==2.2.1
    # via requests-cache
urllib3==2.4.0
    # via
    #   requests
    #   requests-cache
    #   retry-requests
urllib3-future==2.12.922
    # via niquests
wassima==1.2.2
    # via niquests
