version = 1
revision = 1
requires-python = ">=3.12"

[[package]]
name = "close-mongo-ops-manager"
version = "0.4.1"
source = { editable = "." }
dependencies = [
    { name = "pymongo" },
    { name = "textual" },
]

[package.metadata]
requires-dist = [
    { name = "pymongo", specifier = "==4.13.2" },
    { name = "textual", specifier = ">=3.5.0,<4.0.0" },
]

[[package]]
name = "dnspython"
version = "2.7.0"
source = { registry = "https://pypi.org/simple" }
sdist = { url = "https://files.pythonhosted.org/packages/b5/4a/263763cb2ba3816dd94b08ad3a33d5fdae34ecb856678773cc40a3605829/dnspython-2.7.0.tar.gz", hash = "sha256:ce9c432eda0dc91cf618a5cedf1a4e142651196bbcd2c80e89ed5a907e5cfaf1", size = 345197 }
wheels = [
    { url = "https://files.pythonhosted.org/packages/68/1b/e0a87d256e40e8c888847551b20a017a6b98139178505dc7ffb96f04e954/dnspython-2.7.0-py3-none-any.whl", hash = "sha256:b4c34b7d10b51bcc3a5071e7b8dee77939f1e878477eeecc965e9835f63c6c86", size = 313632 },
]

[[package]]
name = "linkify-it-py"
version = "2.0.3"
source = { registry = "https://pypi.org/simple" }
dependencies = [
    { name = "uc-micro-py" },
]
sdist = { url = "https://files.pythonhosted.org/packages/2a/ae/bb56c6828e4797ba5a4821eec7c43b8bf40f69cda4d4f5f8c8a2810ec96a/linkify-it-py-2.0.3.tar.gz", hash = "sha256:68cda27e162e9215c17d786649d1da0021a451bdc436ef9e0fa0ba5234b9b048", size = 27946 }
wheels = [
    { url = "https://files.pythonhosted.org/packages/04/1e/b832de447dee8b582cac175871d2f6c3d5077cc56d5575cadba1fd1cccfa/linkify_it_py-2.0.3-py3-none-any.whl", hash = "sha256:6bcbc417b0ac14323382aef5c5192c0075bf8a9d6b41820a2b66371eac6b6d79", size = 19820 },
]

[[package]]
name = "markdown-it-py"
version = "3.0.0"
source = { registry = "https://pypi.org/simple" }
dependencies = [
    { name = "mdurl" },
]
sdist = { url = "https://files.pythonhosted.org/packages/38/71/3b932df36c1a044d397a1f92d1cf91ee0a503d91e470cbd670aa66b07ed0/markdown-it-py-3.0.0.tar.gz", hash = "sha256:e3f60a94fa066dc52ec76661e37c851cb232d92f9886b15cb560aaada2df8feb", size = 74596 }
wheels = [
    { url = "https://files.pythonhosted.org/packages/42/d7/1ec15b46af6af88f19b8e5ffea08fa375d433c998b8a7639e76935c14f1f/markdown_it_py-3.0.0-py3-none-any.whl", hash = "sha256:355216845c60bd96232cd8d8c40e8f9765cc86f46880e43a8fd22dc1a1a8cab1", size = 87528 },
]

[package.optional-dependencies]
linkify = [
    { name = "linkify-it-py" },
]
plugins = [
    { name = "mdit-py-plugins" },
]

[[package]]
name = "mdit-py-plugins"
version = "0.4.2"
source = { registry = "https://pypi.org/simple" }
dependencies = [
    { name = "markdown-it-py" },
]
sdist = { url = "https://files.pythonhosted.org/packages/19/03/a2ecab526543b152300717cf232bb4bb8605b6edb946c845016fa9c9c9fd/mdit_py_plugins-0.4.2.tar.gz", hash = "sha256:5f2cd1fdb606ddf152d37ec30e46101a60512bc0e5fa1a7002c36647b09e26b5", size = 43542 }
wheels = [
    { url = "https://files.pythonhosted.org/packages/a7/f7/7782a043553ee469c1ff49cfa1cdace2d6bf99a1f333cf38676b3ddf30da/mdit_py_plugins-0.4.2-py3-none-any.whl", hash = "sha256:0c673c3f889399a33b95e88d2f0d111b4447bdfea7f237dab2d488f459835636", size = 55316 },
]

[[package]]
name = "mdurl"
version = "0.1.2"
source = { registry = "https://pypi.org/simple" }
sdist = { url = "https://files.pythonhosted.org/packages/d6/54/cfe61301667036ec958cb99bd3efefba235e65cdeb9c84d24a8293ba1d90/mdurl-0.1.2.tar.gz", hash = "sha256:bb413d29f5eea38f31dd4754dd7377d4465116fb207585f97bf925588687c1ba", size = 8729 }
wheels = [
    { url = "https://files.pythonhosted.org/packages/b3/38/89ba8ad64ae25be8de66a6d463314cf1eb366222074cfda9ee839c56a4b4/mdurl-0.1.2-py3-none-any.whl", hash = "sha256:84008a41e51615a49fc9966191ff91509e3c40b939176e643fd50a5c2196b8f8", size = 9979 },
]

[[package]]
name = "platformdirs"
version = "4.3.8"
source = { registry = "https://pypi.org/simple" }
sdist = { url = "https://files.pythonhosted.org/packages/fe/8b/3c73abc9c759ecd3f1f7ceff6685840859e8070c4d947c93fae71f6a0bf2/platformdirs-4.3.8.tar.gz", hash = "sha256:3d512d96e16bcb959a814c9f348431070822a6496326a4be0911c40b5a74c2bc", size = 21362 }
wheels = [
    { url = "https://files.pythonhosted.org/packages/fe/39/979e8e21520d4e47a0bbe349e2713c0aac6f3d853d0e5b34d76206c439aa/platformdirs-4.3.8-py3-none-any.whl", hash = "sha256:ff7059bb7eb1179e2685604f4aaf157cfd9535242bd23742eadc3c13542139b4", size = 18567 },
]

[[package]]
name = "pygments"
version = "2.19.1"
source = { registry = "https://pypi.org/simple" }
sdist = { url = "https://files.pythonhosted.org/packages/7c/2d/c3338d48ea6cc0feb8446d8e6937e1408088a72a39937982cc6111d17f84/pygments-2.19.1.tar.gz", hash = "sha256:61c16d2a8576dc0649d9f39e089b5f02bcd27fba10d8fb4dcc28173f7a45151f", size = 4968581 }
wheels = [
    { url = "https://files.pythonhosted.org/packages/8a/0b/9fcc47d19c48b59121088dd6da2488a49d5f72dacf8262e2790a1d2c7d15/pygments-2.19.1-py3-none-any.whl", hash = "sha256:9ea1544ad55cecf4b8242fab6dd35a93bbce657034b0611ee383099054ab6d8c", size = 1225293 },
]

[[package]]
name = "pymongo"
version = "4.13.2"
source = { registry = "https://pypi.org/simple" }
dependencies = [
    { name = "dnspython" },
]
sdist = { url = "https://files.pythonhosted.org/packages/4b/5a/d664298bf54762f0c89b8aa2c276868070e06afb853b4a8837de5741e5f9/pymongo-4.13.2.tar.gz", hash = "sha256:0f64c6469c2362962e6ce97258ae1391abba1566a953a492562d2924b44815c2", size = 2167844 }
wheels = [
    { url = "https://files.pythonhosted.org/packages/03/e0/0e187750e23eed4227282fcf568fdb61f2b53bbcf8cbe3a71dde2a860d12/pymongo-4.13.2-cp312-cp312-macosx_10_13_x86_64.whl", hash = "sha256:ec89516622dfc8b0fdff499612c0bd235aa45eeb176c9e311bcc0af44bf952b6", size = 912004 },
    { url = "https://files.pythonhosted.org/packages/57/c2/9b79795382daaf41e5f7379bffdef1880d68160adea352b796d6948cb5be/pymongo-4.13.2-cp312-cp312-macosx_11_0_arm64.whl", hash = "sha256:f30eab4d4326df54fee54f31f93e532dc2918962f733ee8e115b33e6fe151d92", size = 911698 },
    { url = "https://files.pythonhosted.org/packages/6f/e4/f04dc9ed5d1d9dbc539dc2d8758dd359c5373b0e06fcf25418b2c366737c/pymongo-4.13.2-cp312-cp312-manylinux_2_17_aarch64.manylinux2014_aarch64.whl", hash = "sha256:0cce9428d12ba396ea245fc4c51f20228cead01119fcc959e1c80791ea45f820", size = 1690357 },
    { url = "https://files.pythonhosted.org/packages/bb/de/41478a7d527d38f1b98b084f4a78bbb805439a6ebd8689fbbee0a3dfacba/pymongo-4.13.2-cp312-cp312-manylinux_2_17_ppc64le.manylinux2014_ppc64le.whl", hash = "sha256:ac9241b727a69c39117c12ac1e52d817ea472260dadc66262c3fdca0bab0709b", size = 1754593 },
    { url = "https://files.pythonhosted.org/packages/df/d9/8fa2eb110291e154f4312779b1a5b815090b8b05a59ecb4f4a32427db1df/pymongo-4.13.2-cp312-cp312-manylinux_2_17_s390x.manylinux2014_s390x.whl", hash = "sha256:3efc4c515b371a9fa1d198b6e03340985bfe1a55ae2d2b599a714934e7bc61ab", size = 1723637 },
    { url = "https://files.pythonhosted.org/packages/27/7b/9863fa60a4a51ea09f5e3cd6ceb231af804e723671230f2daf3bd1b59c2b/pymongo-4.13.2-cp312-cp312-manylinux_2_17_x86_64.manylinux2014_x86_64.whl", hash = "sha256:f57a664aa74610eb7a52fa93f2cf794a1491f4f76098343485dd7da5b3bcff06", size = 1693613 },
    { url = "https://files.pythonhosted.org/packages/9b/89/a42efa07820a59089836f409a63c96e7a74e33313e50dc39c554db99ac42/pymongo-4.13.2-cp312-cp312-manylinux_2_5_i686.manylinux1_i686.manylinux_2_17_i686.manylinux2014_i686.whl", hash = "sha256:3dcb0b8cdd499636017a53f63ef64cf9b6bd3fd9355796c5a1d228e4be4a4c94", size = 1652745 },
    { url = "https://files.pythonhosted.org/packages/6a/cf/2c77d1acda61d281edd3e3f00d5017d3fac0c29042c769efd3b8018cb469/pymongo-4.13.2-cp312-cp312-win32.whl", hash = "sha256:bf43ae07804d7762b509f68e5ec73450bb8824e960b03b861143ce588b41f467", size = 883232 },
    { url = "https://files.pythonhosted.org/packages/d2/4f/727f59156e3798850c3c2901f106804053cb0e057ed1bd9883f5fa5aa8fa/pymongo-4.13.2-cp312-cp312-win_amd64.whl", hash = "sha256:812a473d584bcb02ab819d379cd5e752995026a2bb0d7713e78462b6650d3f3a", size = 903304 },
    { url = "https://files.pythonhosted.org/packages/e0/95/b44b8e24b161afe7b244f6d43c09a7a1f93308cad04198de1c14c67b24ce/pymongo-4.13.2-cp313-cp313-macosx_10_13_x86_64.whl", hash = "sha256:d6044ca0eb74d97f7d3415264de86a50a401b7b0b136d30705f022f9163c3124", size = 966232 },
    { url = "https://files.pythonhosted.org/packages/6d/fc/d4d59799a52033acb187f7bd1f09bc75bebb9fd12cef4ba2964d235ad3f9/pymongo-4.13.2-cp313-cp313-macosx_11_0_arm64.whl", hash = "sha256:dd326bcb92d28d28a3e7ef0121602bad78691b6d4d1f44b018a4616122f1ba8b", size = 965935 },
    { url = "https://files.pythonhosted.org/packages/07/a8/67502899d89b317ea9952e4769bc193ca15efee561b24b38a86c59edde6f/pymongo-4.13.2-cp313-cp313-manylinux_2_17_aarch64.manylinux2014_aarch64.whl", hash = "sha256:dfb0c21bdd58e58625c9cd8de13e859630c29c9537944ec0a14574fdf88c2ac4", size = 1954070 },
    { url = "https://files.pythonhosted.org/packages/da/3b/0dac5d81d1af1b96b3200da7ccc52fc261a35efb7d2ac493252eb40a2b11/pymongo-4.13.2-cp313-cp313-manylinux_2_17_ppc64le.manylinux2014_ppc64le.whl", hash = "sha256:c9c7d345d57f17b1361008aea78a37e8c139631a46aeb185dd2749850883c7ba", size = 2031424 },
    { url = "https://files.pythonhosted.org/packages/31/ed/7a5af49a153224ca7e31e9915703e612ad9c45808cc39540e9dd1a2a7537/pymongo-4.13.2-cp313-cp313-manylinux_2_17_s390x.manylinux2014_s390x.whl", hash = "sha256:8860445a8da1b1545406fab189dc20319aff5ce28e65442b2b4a8f4228a88478", size = 1995339 },
    { url = "https://files.pythonhosted.org/packages/f1/e9/9c72eceae8439c4f1bdebc4e6b290bf035e3f050a80eeb74abb5e12ef8e2/pymongo-4.13.2-cp313-cp313-manylinux_2_17_x86_64.manylinux2014_x86_64.whl", hash = "sha256:01c184b612f67d5a4c8f864ae7c40b6cc33c0e9bb05e39d08666f8831d120504", size = 1956066 },
    { url = "https://files.pythonhosted.org/packages/ac/79/9b019c47923395d5fced03856996465fb9340854b0f5a2ddf16d47e2437c/pymongo-4.13.2-cp313-cp313-manylinux_2_5_i686.manylinux1_i686.manylinux_2_17_i686.manylinux2014_i686.whl", hash = "sha256:ae2ea8c62d5f3c6529407c12471385d9a05f9fb890ce68d64976340c85cd661b", size = 1905642 },
    { url = "https://files.pythonhosted.org/packages/93/2f/ebf56c7fa9298fa2f9716e7b66cf62b29e7fc6e11774f3b87f55d214d466/pymongo-4.13.2-cp313-cp313-win32.whl", hash = "sha256:d13556e91c4a8cb07393b8c8be81e66a11ebc8335a40fa4af02f4d8d3b40c8a1", size = 930184 },
    { url = "https://files.pythonhosted.org/packages/76/2f/49c35464cbd5d116d950ff5d24b4b20491aaae115d35d40b945c33b29250/pymongo-4.13.2-cp313-cp313-win_amd64.whl", hash = "sha256:cfc69d7bc4d4d5872fd1e6de25e6a16e2372c7d5556b75c3b8e2204dce73e3fb", size = 955111 },
    { url = "https://files.pythonhosted.org/packages/57/56/b17c8b5329b1842b7847cf0fa224ef0a272bf2e5126360f4da8065c855a1/pymongo-4.13.2-cp313-cp313t-macosx_10_13_x86_64.whl", hash = "sha256:a457d2ac34c05e9e8a6bb724115b093300bf270f0655fb897df8d8604b2e3700", size = 1022735 },
    { url = "https://files.pythonhosted.org/packages/83/e6/66fec65a7919bf5f35be02e131b4dc4bf3152b5e8d78cd04b6d266a44514/pymongo-4.13.2-cp313-cp313t-macosx_11_0_arm64.whl", hash = "sha256:02f131a6e61559613b1171b53fbe21fed64e71b0cb4858c47fc9bc7c8e0e501c", size = 1022740 },
    { url = "https://files.pythonhosted.org/packages/17/92/cda7383df0d5e71dc007f172c1ecae6313d64ea05d82bbba06df7f6b3e49/pymongo-4.13.2-cp313-cp313t-manylinux_2_17_aarch64.manylinux2014_aarch64.whl", hash = "sha256:8c942d1c6334e894271489080404b1a2e3b8bd5de399f2a0c14a77d966be5bc9", size = 2282430 },
    { url = "https://files.pythonhosted.org/packages/84/da/285e05eb1d617b30dc7a7a98ebeb264353a8903e0e816a4eec6487c81f18/pymongo-4.13.2-cp313-cp313t-manylinux_2_17_ppc64le.manylinux2014_ppc64le.whl", hash = "sha256:850168d115680ab66a0931a6aa9dd98ed6aa5e9c3b9a6c12128049b9a5721bc5", size = 2369470 },
    { url = "https://files.pythonhosted.org/packages/89/c0/c0d5eae236de9ca293497dc58fc1e4872382223c28ec223f76afc701392c/pymongo-4.13.2-cp313-cp313t-manylinux_2_17_s390x.manylinux2014_s390x.whl", hash = "sha256:af7dfff90647ee77c53410f7fe8ca4fe343f8b768f40d2d0f71a5602f7b5a541", size = 2328857 },
    { url = "https://files.pythonhosted.org/packages/2b/5a/d8639fba60def128ce9848b99c56c54c8a4d0cd60342054cd576f0bfdf26/pymongo-4.13.2-cp313-cp313t-manylinux_2_17_x86_64.manylinux2014_x86_64.whl", hash = "sha256:f8057f9bc9c94a8fd54ee4f5e5106e445a8f406aff2df74746f21c8791ee2403", size = 2280053 },
    { url = "https://files.pythonhosted.org/packages/a1/69/d56f0897cc4932a336820c5d2470ffed50be04c624b07d1ad6ea75aaa975/pymongo-4.13.2-cp313-cp313t-manylinux_2_5_i686.manylinux1_i686.manylinux_2_17_i686.manylinux2014_i686.whl", hash = "sha256:51040e1ba78d6671f8c65b29e2864483451e789ce93b1536de9cc4456ede87fa", size = 2219378 },
    { url = "https://files.pythonhosted.org/packages/04/1e/427e7f99801ee318b6331062d682d3816d7e1d6b6013077636bd75d49c87/pymongo-4.13.2-cp313-cp313t-win32.whl", hash = "sha256:7ab86b98a18c8689514a9f8d0ec7d9ad23a949369b31c9a06ce4a45dcbffcc5e", size = 979460 },
    { url = "https://files.pythonhosted.org/packages/b5/9c/00301a6df26f0f8d5c5955192892241e803742e7c3da8c2c222efabc0df6/pymongo-4.13.2-cp313-cp313t-win_amd64.whl", hash = "sha256:c38168263ed94a250fc5cf9c6d33adea8ab11c9178994da1c3481c2a49d235f8", size = 1011057 },
]

[[package]]
name = "rich"
version = "14.0.0"
source = { registry = "https://pypi.org/simple" }
dependencies = [
    { name = "markdown-it-py" },
    { name = "pygments" },
]
sdist = { url = "https://files.pythonhosted.org/packages/a1/53/830aa4c3066a8ab0ae9a9955976fb770fe9c6102117c8ec4ab3ea62d89e8/rich-14.0.0.tar.gz", hash = "sha256:82f1bc23a6a21ebca4ae0c45af9bdbc492ed20231dcb63f297d6d1021a9d5725", size = 224078 }
wheels = [
    { url = "https://files.pythonhosted.org/packages/0d/9b/63f4c7ebc259242c89b3acafdb37b41d1185c07ff0011164674e9076b491/rich-14.0.0-py3-none-any.whl", hash = "sha256:1c9491e1951aac09caffd42f448ee3d04e58923ffe14993f6e83068dc395d7e0", size = 243229 },
]

[[package]]
name = "textual"
version = "3.5.0"
source = { registry = "https://pypi.org/simple" }
dependencies = [
    { name = "markdown-it-py", extra = ["linkify", "plugins"] },
    { name = "platformdirs" },
    { name = "rich" },
    { name = "typing-extensions" },
]
sdist = { url = "https://files.pythonhosted.org/packages/0c/63/16cdf4b9efb47366940d8315118c5c6dd6309f5eb2c159d7195b60e2e221/textual-3.5.0.tar.gz", hash = "sha256:c4a440338694672acf271c74904f1cf1e4a64c6761c056b02a561774b81a04f4", size = 1590084 }
wheels = [
    { url = "https://files.pythonhosted.org/packages/1f/36/2597036cb80e40f71555bf59741471f7bd76ebed112f10ae0549650a12bf/textual-3.5.0-py3-none-any.whl", hash = "sha256:7c960efb70391b754e66201776793de2b26d699d51fb91f5f78401d13cec79a1", size = 688740 },
]

[[package]]
name = "typing-extensions"
version = "4.13.2"
source = { registry = "https://pypi.org/simple" }
sdist = { url = "https://files.pythonhosted.org/packages/f6/37/23083fcd6e35492953e8d2aaaa68b860eb422b34627b13f2ce3eb6106061/typing_extensions-4.13.2.tar.gz", hash = "sha256:e6c81219bd689f51865d9e372991c540bda33a0379d5573cddb9a3a23f7caaef", size = 106967 }
wheels = [
    { url = "https://files.pythonhosted.org/packages/8b/54/b1ae86c0973cc6f0210b53d508ca3641fb6d0c56823f288d108bc7ab3cc8/typing_extensions-4.13.2-py3-none-any.whl", hash = "sha256:a439e7c04b49fec3e5d3e2beaa21755cadbbdc391694e28ccdd36ca4a1408f8c", size = 45806 },
]

[[package]]
name = "uc-micro-py"
version = "1.0.3"
source = { registry = "https://pypi.org/simple" }
sdist = { url = "https://files.pythonhosted.org/packages/91/7a/146a99696aee0609e3712f2b44c6274566bc368dfe8375191278045186b8/uc-micro-py-1.0.3.tar.gz", hash = "sha256:d321b92cff673ec58027c04015fcaa8bb1e005478643ff4a500882eaab88c48a", size = 6043 }
wheels = [
    { url = "https://files.pythonhosted.org/packages/37/87/1f677586e8ac487e29672e4b17455758fce261de06a0d086167bb760361a/uc_micro_py-1.0.3-py3-none-any.whl", hash = "sha256:db1dffff340817673d7b466ec86114a9dc0e9d4d9b5ba229d9d60e5c12600cd5", size = 6229 },
]
