{
  "nodes": {
    "nixpkgs": {
      "locked": {
        "lastModified": 1682254557,
        "narHash": "sha256-i4dz5+5hFcCmWUPFFBsyTJwUQ8/Hr2InoXHZXkNYRy4=",
        "owner": "nixos",
        "repo": "nixpkgs",
        "rev": "286e1dc6ec57d5d6ef37b15e26f69457da2f0494",
        "type": "github"
      },
      "original": {
        "owner": "nixos",
        "ref": "release-22.11",
        "repo": "nixpkgs",
        "type": "github"
      }
    },
    "root": {
      "inputs": {
        "nixpkgs": "nixpkgs"
      }
    }
  },
  "root": "root",
  "version": 7
}